
Microsoft Visual Studio Solution File, Format Version 12.00
# Visual Studio 2013
VisualStudioVersion = 12.0.31101.0
MinimumVisualStudioVersion = 10.0.40219.1
Project("{FAE04EC0-301F-11D3-BF4B-00C04F79EFBC}") = "WebAop", "WebAop\WebAop.csproj", "{9BEB55F0-8774-47C7-96EB-0F80FB2FA832}"
EndProject
Project("{FAE04EC0-301F-11D3-BF4B-00C04F79EFBC}") = "ApiAop", "ApiAop\ApiAop.csproj", "{624E3E1B-D702-43AE-A0A8-FB1424B3D6D1}"
EndProject
Project("{FAE04EC0-301F-11D3-BF4B-00C04F79EFBC}") = "CommonClass", "CommonClass\CommonClass.csproj", "{2274633E-D53D-4AB8-A9E5-3159142B72C5}"
EndProject
Global
	GlobalSection(SolutionConfigurationPlatforms) = preSolution
		Debug|Any CPU = Debug|Any CPU
		Release|Any CPU = Release|Any CPU
	EndGlobalSection
	GlobalSection(ProjectConfigurationPlatforms) = postSolution
		{9BEB55F0-8774-47C7-96EB-0F80FB2FA832}.Debug|Any CPU.ActiveCfg = Debug|Any CPU
		{9BEB55F0-8774-47C7-96EB-0F80FB2FA832}.Debug|Any CPU.Build.0 = Debug|Any CPU
		{9BEB55F0-8774-47C7-96EB-0F80FB2FA832}.Release|Any CPU.ActiveCfg = Release|Any CPU
		{9BEB55F0-8774-47C7-96EB-0F80FB2FA832}.Release|Any CPU.Build.0 = Release|Any CPU
		{624E3E1B-D702-43AE-A0A8-FB1424B3D6D1}.Debug|Any CPU.ActiveCfg = Debug|Any CPU
		{624E3E1B-D702-43AE-A0A8-FB1424B3D6D1}.Debug|Any CPU.Build.0 = Debug|Any CPU
		{624E3E1B-D702-43AE-A0A8-FB1424B3D6D1}.Release|Any CPU.ActiveCfg = Release|Any CPU
		{624E3E1B-D702-43AE-A0A8-FB1424B3D6D1}.Release|Any CPU.Build.0 = Release|Any CPU
		{2274633E-D53D-4AB8-A9E5-3159142B72C5}.Debug|Any CPU.ActiveCfg = Debug|Any CPU
		{2274633E-D53D-4AB8-A9E5-3159142B72C5}.Debug|Any CPU.Build.0 = Debug|Any CPU
		{2274633E-D53D-4AB8-A9E5-3159142B72C5}.Release|Any CPU.ActiveCfg = Release|Any CPU
		{2274633E-D53D-4AB8-A9E5-3159142B72C5}.Release|Any CPU.Build.0 = Release|Any CPU
	EndGlobalSection
	GlobalSection(SolutionProperties) = preSolution
		HideSolutionNode = FALSE
	EndGlobalSection
EndGlobal
