
Microsoft Visual Studio Solution File, Format Version 11.00
# Visual Studio 2010
Project("{2150E333-8FDC-42A3-9474-1A3956D46DE8}") = "1.0.Souing.Net.Web", "1.0.Souing.Net.Web", "{9795604A-73FD-4498-9933-6171D919A13D}"
EndProject
Project("{2150E333-8FDC-42A3-9474-1A3956D46DE8}") = "2.0.Souing.Net.BLL", "2.0.Souing.Net.BLL", "{85094EBA-E63F-4677-807D-F2ADF7DC1F61}"
EndProject
Project("{FAE04EC0-301F-11D3-BF4B-00C04F79EFBC}") = "Souing.Net.Web", "1.0.Souing.Net.Web\Souing.Net.Web\Souing.Net.Web.csproj", "{34D388D8-E869-4BC3-A202-BA71216752F9}"
EndProject
Project("{FAE04EC0-301F-11D3-BF4B-00C04F79EFBC}") = "Souing.Net.WebAdmin", "1.0.Souing.Net.Web\Souing.Net.WebAdmin\Souing.Net.WebAdmin.csproj", "{0885D952-4C03-4F9C-B75C-080C2A356921}"
EndProject
Project("{FAE04EC0-301F-11D3-BF4B-00C04F79EFBC}") = "Souing.Net.BLL", "2.0.Souing.Net.BLL\Souing.Net.BLL\Souing.Net.BLL.csproj", "{94B59C49-3193-47E2-9B3A-9CC401CDDC37}"
EndProject
Project("{2150E333-8FDC-42A3-9474-1A3956D46DE8}") = "3.0.Souing.Net.DAL", "3.0.Souing.Net.DAL", "{BE05C591-6F4F-4D0B-977B-9E3639CB4D4D}"
EndProject
Project("{FAE04EC0-301F-11D3-BF4B-00C04F79EFBC}") = "Souing.Net.DAL", "3.0.Souing.Net.DAL\Souing.Net.DAL\Souing.Net.DAL.csproj", "{F0841111-08F3-4F22-AA5B-C337B06A5DFF}"
EndProject
Project("{2150E333-8FDC-42A3-9474-1A3956D46DE8}") = "4.0.Souing.Net.Model", "4.0.Souing.Net.Model", "{2355A4C5-98D7-457A-9BF1-9E5B6DFE148C}"
EndProject
Project("{FAE04EC0-301F-11D3-BF4B-00C04F79EFBC}") = "Souing.Net.Entity", "4.0.Souing.Net.Model\Souing.Net.Entity\Souing.Net.Entity.csproj", "{0D9084EE-FC7F-4EBD-9223-825401073A71}"
EndProject
Project("{FAE04EC0-301F-11D3-BF4B-00C04F79EFBC}") = "Souing.Net.ViewModel", "4.0.Souing.Net.Model\Souing.Net.ViewModel\Souing.Net.ViewModel.csproj", "{2DB97BF3-A5B8-4075-8B9B-D10C1AB48F98}"
EndProject
Project("{FAE04EC0-301F-11D3-BF4B-00C04F79EFBC}") = "Souing.Net.DAL.Base", "3.0.Souing.Net.DAL\Souing.Net.DAL.Base\Souing.Net.DAL.Base.csproj", "{E33A08CA-347E-437E-BF7D-0C9A172733A3}"
EndProject
Project("{FAE04EC0-301F-11D3-BF4B-00C04F79EFBC}") = "Souing.Net.Model.Base", "4.0.Souing.Net.Model\Souing.Net.Model.Base\Souing.Net.Model.Base.csproj", "{EE2F906B-2507-4AAF-AD8C-5AD079A45656}"
EndProject
Project("{FAE04EC0-301F-11D3-BF4B-00C04F79EFBC}") = "Souing.Net.BLL.Base", "2.0.Souing.Net.BLL\Souing.Net.BLL.Base\Souing.Net.BLL.Base.csproj", "{B5CE5E0D-722D-4409-B9AF-59E383432D7E}"
EndProject
Global
	GlobalSection(SolutionConfigurationPlatforms) = preSolution
		Debug|Any CPU = Debug|Any CPU
		Release|Any CPU = Release|Any CPU
	EndGlobalSection
	GlobalSection(ProjectConfigurationPlatforms) = postSolution
		{34D388D8-E869-4BC3-A202-BA71216752F9}.Debug|Any CPU.ActiveCfg = Debug|Any CPU
		{34D388D8-E869-4BC3-A202-BA71216752F9}.Debug|Any CPU.Build.0 = Debug|Any CPU
		{34D388D8-E869-4BC3-A202-BA71216752F9}.Release|Any CPU.ActiveCfg = Release|Any CPU
		{34D388D8-E869-4BC3-A202-BA71216752F9}.Release|Any CPU.Build.0 = Release|Any CPU
		{0885D952-4C03-4F9C-B75C-080C2A356921}.Debug|Any CPU.ActiveCfg = Debug|Any CPU
		{0885D952-4C03-4F9C-B75C-080C2A356921}.Debug|Any CPU.Build.0 = Debug|Any CPU
		{0885D952-4C03-4F9C-B75C-080C2A356921}.Release|Any CPU.ActiveCfg = Release|Any CPU
		{0885D952-4C03-4F9C-B75C-080C2A356921}.Release|Any CPU.Build.0 = Release|Any CPU
		{94B59C49-3193-47E2-9B3A-9CC401CDDC37}.Debug|Any CPU.ActiveCfg = Debug|Any CPU
		{94B59C49-3193-47E2-9B3A-9CC401CDDC37}.Debug|Any CPU.Build.0 = Debug|Any CPU
		{94B59C49-3193-47E2-9B3A-9CC401CDDC37}.Release|Any CPU.ActiveCfg = Release|Any CPU
		{94B59C49-3193-47E2-9B3A-9CC401CDDC37}.Release|Any CPU.Build.0 = Release|Any CPU
		{F0841111-08F3-4F22-AA5B-C337B06A5DFF}.Debug|Any CPU.ActiveCfg = Debug|Any CPU
		{F0841111-08F3-4F22-AA5B-C337B06A5DFF}.Debug|Any CPU.Build.0 = Debug|Any CPU
		{F0841111-08F3-4F22-AA5B-C337B06A5DFF}.Release|Any CPU.ActiveCfg = Release|Any CPU
		{F0841111-08F3-4F22-AA5B-C337B06A5DFF}.Release|Any CPU.Build.0 = Release|Any CPU
		{0D9084EE-FC7F-4EBD-9223-825401073A71}.Debug|Any CPU.ActiveCfg = Debug|Any CPU
		{0D9084EE-FC7F-4EBD-9223-825401073A71}.Debug|Any CPU.Build.0 = Debug|Any CPU
		{0D9084EE-FC7F-4EBD-9223-825401073A71}.Release|Any CPU.ActiveCfg = Release|Any CPU
		{0D9084EE-FC7F-4EBD-9223-825401073A71}.Release|Any CPU.Build.0 = Release|Any CPU
		{2DB97BF3-A5B8-4075-8B9B-D10C1AB48F98}.Debug|Any CPU.ActiveCfg = Debug|Any CPU
		{2DB97BF3-A5B8-4075-8B9B-D10C1AB48F98}.Debug|Any CPU.Build.0 = Debug|Any CPU
		{2DB97BF3-A5B8-4075-8B9B-D10C1AB48F98}.Release|Any CPU.ActiveCfg = Release|Any CPU
		{2DB97BF3-A5B8-4075-8B9B-D10C1AB48F98}.Release|Any CPU.Build.0 = Release|Any CPU
		{E33A08CA-347E-437E-BF7D-0C9A172733A3}.Debug|Any CPU.ActiveCfg = Debug|Any CPU
		{E33A08CA-347E-437E-BF7D-0C9A172733A3}.Debug|Any CPU.Build.0 = Debug|Any CPU
		{E33A08CA-347E-437E-BF7D-0C9A172733A3}.Release|Any CPU.ActiveCfg = Release|Any CPU
		{E33A08CA-347E-437E-BF7D-0C9A172733A3}.Release|Any CPU.Build.0 = Release|Any CPU
		{EE2F906B-2507-4AAF-AD8C-5AD079A45656}.Debug|Any CPU.ActiveCfg = Debug|Any CPU
		{EE2F906B-2507-4AAF-AD8C-5AD079A45656}.Debug|Any CPU.Build.0 = Debug|Any CPU
		{EE2F906B-2507-4AAF-AD8C-5AD079A45656}.Release|Any CPU.ActiveCfg = Release|Any CPU
		{EE2F906B-2507-4AAF-AD8C-5AD079A45656}.Release|Any CPU.Build.0 = Release|Any CPU
		{B5CE5E0D-722D-4409-B9AF-59E383432D7E}.Debug|Any CPU.ActiveCfg = Debug|Any CPU
		{B5CE5E0D-722D-4409-B9AF-59E383432D7E}.Debug|Any CPU.Build.0 = Debug|Any CPU
		{B5CE5E0D-722D-4409-B9AF-59E383432D7E}.Release|Any CPU.ActiveCfg = Release|Any CPU
		{B5CE5E0D-722D-4409-B9AF-59E383432D7E}.Release|Any CPU.Build.0 = Release|Any CPU
	EndGlobalSection
	GlobalSection(SolutionProperties) = preSolution
		HideSolutionNode = FALSE
	EndGlobalSection
	GlobalSection(NestedProjects) = preSolution
		{34D388D8-E869-4BC3-A202-BA71216752F9} = {9795604A-73FD-4498-9933-6171D919A13D}
		{0885D952-4C03-4F9C-B75C-080C2A356921} = {9795604A-73FD-4498-9933-6171D919A13D}
		{94B59C49-3193-47E2-9B3A-9CC401CDDC37} = {85094EBA-E63F-4677-807D-F2ADF7DC1F61}
		{B5CE5E0D-722D-4409-B9AF-59E383432D7E} = {85094EBA-E63F-4677-807D-F2ADF7DC1F61}
		{F0841111-08F3-4F22-AA5B-C337B06A5DFF} = {BE05C591-6F4F-4D0B-977B-9E3639CB4D4D}
		{E33A08CA-347E-437E-BF7D-0C9A172733A3} = {BE05C591-6F4F-4D0B-977B-9E3639CB4D4D}
		{0D9084EE-FC7F-4EBD-9223-825401073A71} = {2355A4C5-98D7-457A-9BF1-9E5B6DFE148C}
		{2DB97BF3-A5B8-4075-8B9B-D10C1AB48F98} = {2355A4C5-98D7-457A-9BF1-9E5B6DFE148C}
		{EE2F906B-2507-4AAF-AD8C-5AD079A45656} = {2355A4C5-98D7-457A-9BF1-9E5B6DFE148C}
	EndGlobalSection
EndGlobal
