
Microsoft Visual Studio Solution File, Format Version 12.00
# Visual Studio 14
VisualStudioVersion = 14.0.25420.1
MinimumVisualStudioVersion = 10.0.40219.1
Project("{2150E333-8FDC-42A3-9474-1A3956D46DE8}") = "数据层Db", "数据层Db", "{FA8A4653-111E-4CD6-8CCE-638644A0AD41}"
EndProject
Project("{FAE04EC0-301F-11D3-BF4B-00C04F79EFBC}") = "Work.Sys.DbHelper", "Work.Sys.DbHelper\Work.Sys.DbHelper.csproj", "{D07C0B53-5E7E-4774-9660-7F3FD154D920}"
EndProject
Project("{2150E333-8FDC-42A3-9474-1A3956D46DE8}") = "数据接口服务层Inface", "数据接口服务层Inface", "{4725E740-3851-42FF-8450-0F96D6E737D4}"
EndProject
Project("{FAE04EC0-301F-11D3-BF4B-00C04F79EFBC}") = "Work.Sys.DbInterfaceService", "Work.Sys.DbInterfaceService\Work.Sys.DbInterfaceService.csproj", "{2EDE4B94-2398-4083-BCA9-B75EF5FED2AB}"
EndProject
Project("{2150E333-8FDC-42A3-9474-1A3956D46DE8}") = "实体层Model", "实体层Model", "{9A6CA883-9559-47C4-96CC-5C477B5990F1}"
EndProject
Project("{FAE04EC0-301F-11D3-BF4B-00C04F79EFBC}") = "Work.Sys.DbModel", "Work.Sys.DbModel\Work.Sys.DbModel.csproj", "{31E2E27D-4047-47A3-8C3C-784752A3238F}"
EndProject
Project("{2150E333-8FDC-42A3-9474-1A3956D46DE8}") = "数据服务层Service", "数据服务层Service", "{11530321-2B1C-482D-B7BD-FF6493A5E942}"
EndProject
Project("{FAE04EC0-301F-11D3-BF4B-00C04F79EFBC}") = "Work.Sys.DbService", "Work.Sys.DbService\Work.Sys.DbService.csproj", "{885DECB8-F344-4FAE-BAB0-D1F2EA8BDAE6}"
EndProject
Project("{2150E333-8FDC-42A3-9474-1A3956D46DE8}") = "表现层View", "表现层View", "{3CBAC5A8-0CEF-425A-9E42-4A82271EBB65}"
EndProject
Project("{FAE04EC0-301F-11D3-BF4B-00C04F79EFBC}") = "Work.Web", "Work.Web\Work.Web.csproj", "{79A48B35-5857-45AF-B459-0E1E6AA57F15}"
EndProject
Project("{FAE04EC0-301F-11D3-BF4B-00C04F79EFBC}") = "Work.Sys.DDDModel", "Work.Sys.DotModel\Work.Sys.DDDModel.csproj", "{B8817046-EEE4-47D1-A222-FD4D8E7ECCDA}"
EndProject
Project("{FAE04EC0-301F-11D3-BF4B-00C04F79EFBC}") = "Work.Sys.CacheInfaceService", "Work.Sys.CacheInfaceService\Work.Sys.CacheInfaceService.csproj", "{EBFA93A2-291D-4ADF-9A3F-E81C55F5C7C5}"
EndProject
Project("{FAE04EC0-301F-11D3-BF4B-00C04F79EFBC}") = "Work.Sys.CacheService", "Work.Sys.CacheService\Work.Sys.CacheService.csproj", "{AA31DDC1-0559-4634-8127-C438E678D6CD}"
EndProject
Project("{2150E333-8FDC-42A3-9474-1A3956D46DE8}") = "公共层Public", "公共层Public", "{A2C1FE41-944A-4907-8622-6EED0E727920}"
EndProject
Project("{FAE04EC0-301F-11D3-BF4B-00C04F79EFBC}") = "Work.Sys.Public", "Work.Sys.Public\Work.Sys.Public.csproj", "{4E34E2E4-BCC5-4EF2-A3E3-067178BA39CE}"
EndProject
Project("{FAE04EC0-301F-11D3-BF4B-00C04F79EFBC}") = "Work.Sys.Cache", "Work.Sys.Cache\Work.Sys.Cache.csproj", "{09B9C2F8-0F72-4C65-8223-D2F41B427EC4}"
EndProject
Global
	GlobalSection(SolutionConfigurationPlatforms) = preSolution
		Debug|Any CPU = Debug|Any CPU
		Release|Any CPU = Release|Any CPU
	EndGlobalSection
	GlobalSection(ProjectConfigurationPlatforms) = postSolution
		{D07C0B53-5E7E-4774-9660-7F3FD154D920}.Debug|Any CPU.ActiveCfg = Debug|Any CPU
		{D07C0B53-5E7E-4774-9660-7F3FD154D920}.Debug|Any CPU.Build.0 = Debug|Any CPU
		{D07C0B53-5E7E-4774-9660-7F3FD154D920}.Release|Any CPU.ActiveCfg = Release|Any CPU
		{D07C0B53-5E7E-4774-9660-7F3FD154D920}.Release|Any CPU.Build.0 = Release|Any CPU
		{2EDE4B94-2398-4083-BCA9-B75EF5FED2AB}.Debug|Any CPU.ActiveCfg = Debug|Any CPU
		{2EDE4B94-2398-4083-BCA9-B75EF5FED2AB}.Debug|Any CPU.Build.0 = Debug|Any CPU
		{2EDE4B94-2398-4083-BCA9-B75EF5FED2AB}.Release|Any CPU.ActiveCfg = Release|Any CPU
		{2EDE4B94-2398-4083-BCA9-B75EF5FED2AB}.Release|Any CPU.Build.0 = Release|Any CPU
		{31E2E27D-4047-47A3-8C3C-784752A3238F}.Debug|Any CPU.ActiveCfg = Debug|Any CPU
		{31E2E27D-4047-47A3-8C3C-784752A3238F}.Debug|Any CPU.Build.0 = Debug|Any CPU
		{31E2E27D-4047-47A3-8C3C-784752A3238F}.Release|Any CPU.ActiveCfg = Release|Any CPU
		{31E2E27D-4047-47A3-8C3C-784752A3238F}.Release|Any CPU.Build.0 = Release|Any CPU
		{885DECB8-F344-4FAE-BAB0-D1F2EA8BDAE6}.Debug|Any CPU.ActiveCfg = Debug|Any CPU
		{885DECB8-F344-4FAE-BAB0-D1F2EA8BDAE6}.Debug|Any CPU.Build.0 = Debug|Any CPU
		{885DECB8-F344-4FAE-BAB0-D1F2EA8BDAE6}.Release|Any CPU.ActiveCfg = Release|Any CPU
		{885DECB8-F344-4FAE-BAB0-D1F2EA8BDAE6}.Release|Any CPU.Build.0 = Release|Any CPU
		{79A48B35-5857-45AF-B459-0E1E6AA57F15}.Debug|Any CPU.ActiveCfg = Debug|Any CPU
		{79A48B35-5857-45AF-B459-0E1E6AA57F15}.Debug|Any CPU.Build.0 = Debug|Any CPU
		{79A48B35-5857-45AF-B459-0E1E6AA57F15}.Release|Any CPU.ActiveCfg = Release|Any CPU
		{79A48B35-5857-45AF-B459-0E1E6AA57F15}.Release|Any CPU.Build.0 = Release|Any CPU
		{B8817046-EEE4-47D1-A222-FD4D8E7ECCDA}.Debug|Any CPU.ActiveCfg = Debug|Any CPU
		{B8817046-EEE4-47D1-A222-FD4D8E7ECCDA}.Debug|Any CPU.Build.0 = Debug|Any CPU
		{B8817046-EEE4-47D1-A222-FD4D8E7ECCDA}.Release|Any CPU.ActiveCfg = Release|Any CPU
		{B8817046-EEE4-47D1-A222-FD4D8E7ECCDA}.Release|Any CPU.Build.0 = Release|Any CPU
		{EBFA93A2-291D-4ADF-9A3F-E81C55F5C7C5}.Debug|Any CPU.ActiveCfg = Debug|Any CPU
		{EBFA93A2-291D-4ADF-9A3F-E81C55F5C7C5}.Debug|Any CPU.Build.0 = Debug|Any CPU
		{EBFA93A2-291D-4ADF-9A3F-E81C55F5C7C5}.Release|Any CPU.ActiveCfg = Release|Any CPU
		{EBFA93A2-291D-4ADF-9A3F-E81C55F5C7C5}.Release|Any CPU.Build.0 = Release|Any CPU
		{AA31DDC1-0559-4634-8127-C438E678D6CD}.Debug|Any CPU.ActiveCfg = Debug|Any CPU
		{AA31DDC1-0559-4634-8127-C438E678D6CD}.Debug|Any CPU.Build.0 = Debug|Any CPU
		{AA31DDC1-0559-4634-8127-C438E678D6CD}.Release|Any CPU.ActiveCfg = Release|Any CPU
		{AA31DDC1-0559-4634-8127-C438E678D6CD}.Release|Any CPU.Build.0 = Release|Any CPU
		{4E34E2E4-BCC5-4EF2-A3E3-067178BA39CE}.Debug|Any CPU.ActiveCfg = Debug|Any CPU
		{4E34E2E4-BCC5-4EF2-A3E3-067178BA39CE}.Debug|Any CPU.Build.0 = Debug|Any CPU
		{4E34E2E4-BCC5-4EF2-A3E3-067178BA39CE}.Release|Any CPU.ActiveCfg = Release|Any CPU
		{4E34E2E4-BCC5-4EF2-A3E3-067178BA39CE}.Release|Any CPU.Build.0 = Release|Any CPU
		{09B9C2F8-0F72-4C65-8223-D2F41B427EC4}.Debug|Any CPU.ActiveCfg = Debug|Any CPU
		{09B9C2F8-0F72-4C65-8223-D2F41B427EC4}.Debug|Any CPU.Build.0 = Debug|Any CPU
		{09B9C2F8-0F72-4C65-8223-D2F41B427EC4}.Release|Any CPU.ActiveCfg = Release|Any CPU
		{09B9C2F8-0F72-4C65-8223-D2F41B427EC4}.Release|Any CPU.Build.0 = Release|Any CPU
	EndGlobalSection
	GlobalSection(SolutionProperties) = preSolution
		HideSolutionNode = FALSE
	EndGlobalSection
	GlobalSection(NestedProjects) = preSolution
		{D07C0B53-5E7E-4774-9660-7F3FD154D920} = {FA8A4653-111E-4CD6-8CCE-638644A0AD41}
		{2EDE4B94-2398-4083-BCA9-B75EF5FED2AB} = {4725E740-3851-42FF-8450-0F96D6E737D4}
		{31E2E27D-4047-47A3-8C3C-784752A3238F} = {9A6CA883-9559-47C4-96CC-5C477B5990F1}
		{885DECB8-F344-4FAE-BAB0-D1F2EA8BDAE6} = {11530321-2B1C-482D-B7BD-FF6493A5E942}
		{79A48B35-5857-45AF-B459-0E1E6AA57F15} = {3CBAC5A8-0CEF-425A-9E42-4A82271EBB65}
		{B8817046-EEE4-47D1-A222-FD4D8E7ECCDA} = {9A6CA883-9559-47C4-96CC-5C477B5990F1}
		{EBFA93A2-291D-4ADF-9A3F-E81C55F5C7C5} = {4725E740-3851-42FF-8450-0F96D6E737D4}
		{AA31DDC1-0559-4634-8127-C438E678D6CD} = {11530321-2B1C-482D-B7BD-FF6493A5E942}
		{4E34E2E4-BCC5-4EF2-A3E3-067178BA39CE} = {A2C1FE41-944A-4907-8622-6EED0E727920}
		{09B9C2F8-0F72-4C65-8223-D2F41B427EC4} = {A2C1FE41-944A-4907-8622-6EED0E727920}
	EndGlobalSection
EndGlobal
